// !$*UTF8*$!
{
	archiveVersion = 1;
	classes = {
	};
	objectVersion = 46;
	objects = {

/* Begin PBXBuildFile section */
		BF0B387C1F566DBD0054C8D6 /* Reachability.swift in Sources */ = {isa = PBXBuildFile; fileRef = BF0B387B1F566DBD0054C8D6 /* Reachability.swift */; };
		BFF4252D1F53DF01000737AB /* AppDelegate.swift in Sources */ = {isa = PBXBuildFile; fileRef = BFF4252C1F53DF01000737AB /* AppDelegate.swift */; };
		BFF4252F1F53DF01000737AB /* ViewController.swift in Sources */ = {isa = PBXBuildFile; fileRef = BFF4252E1F53DF01000737AB /* ViewController.swift */; };
		BFF425321F53DF01000737AB /* Main.storyboard in Resources */ = {isa = PBXBuildFile; fileRef = BFF425301F53DF01000737AB /* Main.storyboard */; };
		BFF425341F53DF01000737AB /* Assets.xcassets in Resources */ = {isa = PBXBuildFile; fileRef = BFF425331F53DF01000737AB /* Assets.xcassets */; };
		BFF425371F53DF01000737AB /* LaunchScreen.storyboard in Resources */ = {isa = PBXBuildFile; fileRef = BFF425351F53DF01000737AB /* LaunchScreen.storyboard */; };
/* End PBXBuildFile section */

/* Begin PBXFileReference section */
		BF0B387B1F566DBD0054C8D6 /* Reachability.swift */ = {isa = PBXFileReference; fileEncoding = 4; lastKnownFileType = sourcecode.swift; path = Reachability.swift; sourceTree = "<group>"; };
		BFF425291F53DF00000737AB /* PeticionOpenLibrary.app */ = {isa = PBXFileReference; explicitFileType = wrapper.application; includeInIndex = 0; path = PeticionOpenLibrary.app; sourceTree = BUILT_PRODUCTS_DIR; };
		BFF4252C1F53DF01000737AB /* AppDelegate.swift */ = {isa = PBXFileReference; lastKnownFileType = sourcecode.swift; path = AppDelegate.swift; sourceTree = "<group>"; };
		BFF4252E1F53DF01000737AB /* ViewController.swift */ = {isa = PBXFileReference; lastKnownFileType = sourcecode.swift; path = ViewController.swift; sourceTree = "<group>"; };
		BFF425311F53DF01000737AB /* Base */ = {isa = PBXFileReference; lastKnownFileType = file.storyboard; name = Base; path = Base.lproj/Main.storyboard; sourceTree = "<group>"; };
		BFF425331F53DF01000737AB /* Assets.xcassets */ = {isa = PBXFileReference; lastKnownFileType = folder.assetcatalog; path = Assets.xcassets; sourceTree = "<group>"; };
		BFF425361F53DF01000737AB /* Base */ = {isa = PBXFileReference; lastKnownFileType = file.storyboard; name = Base; path = Base.lproj/LaunchScreen.storyboard; sourceTree = "<group>"; };
		BFF425381F53DF01000737AB /* Info.plist */ = {isa = PBXFileReference; lastKnownFileType = text.plist.xml; path = Info.plist; sourceTree = "<group>"; };
/* End PBXFileReference section */

/* Begin PBXFrameworksBuildPhase section */
		BFF425261F53DF00000737AB /* Frameworks */ = {
			isa = PBXFrameworksBuildPhase;
			buildActionMask = 2147483647;
			files = (
			);
			runOnlyForDeploymentPostprocessing = 0;
		};
/* End PBXFrameworksBuildPhase section */

/* Begin PBXGroup section */
		BFF425201F53DF00000737AB = {
			isa = PBXGroup;
			children = (
				BFF4252B1F53DF00000737AB /* PeticionOpenLibrary */,
				BFF4252A1F53DF00000737AB /* Products */,
			);
			sourceTree = "<group>";
		};
		BFF4252A1F53DF00000737AB /* Products */ = {
			isa = PBXGroup;
			children = (
				BFF425291F53DF00000737AB /* PeticionOpenLibrary.app */,
			);
			name = Products;
			sourceTree = "<group>";
		};
		BFF4252B1F53DF00000737AB /* PeticionOpenLibrary */ = {
			isa = PBXGroup;
			children = (
				BFF4252C1F53DF01000737AB /* AppDelegate.swift */,
				BFF4252E1F53DF01000737AB /* ViewController.swift */,
				BFF425301F53DF01000737AB /* Main.storyboard */,
				BFF425331F53DF01000737AB /* Assets.xcassets */,
				BFF425351F53DF01000737AB /* LaunchScreen.storyboard */,
				BFF425381F53DF01000737AB /* Info.plist */,
				BF0B387B1F566DBD0054C8D6 /* Reachability.swift */,
			);
			path = PeticionOpenLibrary;
			sourceTree = "<group>";
		};
/* End PBXGroup section */

/* Begin PBXNativeTarget section */
		BFF425281F53DF00000737AB /* PeticionOpenLibrary */ = {
			isa = PBXNativeTarget;
			buildConfigurationList = BFF4253B1F53DF01000737AB /* Build configuration list for PBXNativeTarget "PeticionOpenLibrary" */;
			buildPhases = (
				BFF425251F53DF00000737AB /* Sources */,
				BFF425261F53DF00000737AB /* Frameworks */,
				BFF425271F53DF00000737AB /* Resources */,
			);
			buildRules = (
			);
			dependencies = (
			);
			name = PeticionOpenLibrary;
			productName = PeticionOpenLibrary;
			productReference = BFF425291F53DF00000737AB /* PeticionOpenLibrary.app */;
			productType = "com.apple.product-type.application";
		};
/* End PBXNativeTarget section */

/* Begin PBXProject section */
		BFF425211F53DF00000737AB /* Project object */ = {
			isa = PBXProject;
			attributes = {
				LastSwiftUpdateCheck = 0830;
				LastUpgradeCheck = 0830;
				ORGANIZATIONNAME = "Erik Basto Segovia";
				TargetAttributes = {
					BFF425281F53DF00000737AB = {
						CreatedOnToolsVersion = 8.3.3;
						ProvisioningStyle = Automatic;
					};
				};
			};
			buildConfigurationList = BFF425241F53DF00000737AB /* Build configuration list for PBXProject "PeticionOpenLibrary" */;
			compatibilityVersion = "Xcode 3.2";
			developmentRegion = English;
			hasScannedForEncodings = 0;
			knownRegions = (
				en,
				Base,
			);
			mainGroup = BFF425201F53DF00000737AB;
			productRefGroup = BFF4252A1F53DF00000737AB /* Products */;
			projectDirPath = "";
			projectRoot = "";
			targets = (
				BFF425281F53DF00000737AB /* PeticionOpenLibrary */,
			);
		};
/* End PBXProject section */

/* Begin PBXResourcesBuildPhase section */
		BFF425271F53DF00000737AB /* Resources */ = {
			isa = PBXResourcesBuildPhase;
			buildActionMask = 2147483647;
			files = (
				BFF425371F53DF01000737AB /* LaunchScreen.storyboard in Resources */,
				BFF425341F53DF01000737AB /* Assets.xcassets in Resources */,
				BFF425321F53DF01000737AB /* Main.storyboard in Resources */,
			);
			runOnlyForDeploymentPostprocessing = 0;
		};
/* End PBXResourcesBuildPhase section */

/* Begin PBXSourcesBuildPhase section */
		BFF425251F53DF00000737AB /* Sources */ = {
			isa = PBXSourcesBuildPhase;
			buildActionMask = 2147483647;
			files = (
				BFF4252F1F53DF01000737AB /* ViewController.swift in Sources */,
				BFF4252D1F53DF01000737AB /* AppDelegate.swift in Sources */,
				BF0B387C1F566DBD0054C8D6 /* Reachability.swift in Sources */,
			);
			runOnlyForDeploymentPostprocessing = 0;
		};
/* End PBXSourcesBuildPhase section */

/* Begin PBXVariantGroup section */
		BFF425301F53DF01000737AB /* Main.storyboard */ = {
			isa = PBXVariantGroup;
			children = (
				BFF425311F53DF01000737AB /* Base */,
			);
			name = Main.storyboard;
			sourceTree = "<group>";
		};
		BFF425351F53DF01000737AB /* LaunchScreen.storyboard */ = {
			isa = PBXVariantGroup;
			children = (
				BFF425361F53DF01000737AB /* Base */,
			);
			name = LaunchScreen.storyboard;
			sourceTree = "<group>";
		};
/* End PBXVariantGroup section */

/* Begin XCBuildConfiguration section */
		BFF425391F53DF01000737AB /* Debug */ = {
			isa = XCBuildConfiguration;
			buildSettings = {
				ALWAYS_SEARCH_USER_PATHS = NO;
				CLANG_ANALYZER_NONNULL = YES;
				CLANG_ANALYZER_NUMBER_OBJECT_CONVERSION = YES_AGGRESSIVE;
				CLANG_CXX_LANGUAGE_STANDARD = "gnu++0x";
				CLANG_CXX_LIBRARY = "libc++";
				CLANG_ENABLE_MODULES = YES;
				CLANG_ENABLE_OBJC_ARC = YES;
				CLANG_WARN_BOOL_CONVERSION = YES;
				CLANG_WARN_CONSTANT_CONVERSION = YES;
				CLANG_WARN_DIRECT_OBJC_ISA_USAGE = YES_ERROR;
				CLANG_WARN_DOCUMENTATION_COMMENTS = YES;
				CLANG_WARN_EMPTY_BODY = YES;
				CLANG_WARN_ENUM_CONVERSION = YES;
				CLANG_WARN_INFINITE_RECURSION = YES;
				CLANG_WARN_INT_CONVERSION = YES;
				CLANG_WARN_OBJC_ROOT_CLASS = YES_ERROR;
				CLANG_WARN_SUSPICIOUS_MOVE = YES;
				CLANG_WARN_UNREACHABLE_CODE = YES;
				CLANG_WARN__DUPLICATE_METHOD_MATCH = YES;
				"CODE_SIGN_IDENTITY[sdk=iphoneos*]" = "iPhone Developer";
				COPY_PHASE_STRIP = NO;
				DEBUG_INFORMATION_FORMAT = dwarf;
				ENABLE_STRICT_OBJC_MSGSEND = YES;
				ENABLE_TESTABILITY = YES;
				GCC_C_LANGUAGE_STANDARD = gnu99;
				GCC_DYNAMIC_NO_PIC = NO;
				GCC_NO_COMMON_BLOCKS = YES;
				GCC_OPTIMIZATION_LEVEL = 0;
				GCC_PREPROCESSOR_DEFINITIONS = (
					"DEBUG=1",
					"$(inherited)",
				);
				GCC_WARN_64_TO_32_BIT_CONVERSION = YES;
				GCC_WARN_ABOUT_RETURN_TYPE = YES_ERROR;
				GCC_WARN_UNDECLARED_SELECTOR = YES;
				GCC_WARN_UNINITIALIZED_AUTOS = YES_AGGRESSIVE;
				GCC_WARN_UNUSED_FUNCTION = YES;
				GCC_WARN_UNUSED_VARIABLE = YES;
				IPHONEOS_DEPLOYMENT_TARGET = 10.3;
				MTL_ENABLE_DEBUG_INFO = YES;
				ONLY_ACTIVE_ARCH = YES;
				SDKROOT = iphoneos;
				SWIFT_ACTIVE_COMPILATION_CONDITIONS = DEBUG;
				SWIFT_OPTIMIZATION_LEVEL = "-Onone";
			};
			name = Debug;
		};
		BFF4253A1F53DF01000737AB /* Release */ = {
			isa = XCBuildConfiguration;
			buildSettings = {
				ALWAYS_SEARCH_USER_PATHS = NO;
				CLANG_ANALYZER_NONNULL = YES;
				CLANG_ANALYZER_NUMBER_OBJECT_CONVERSION = YES_AGGRESSIVE;
				CLANG_CXX_LANGUAGE_STANDARD = "gnu++0x";
				CLANG_CXX_LIBRARY = "libc++";
				CLANG_ENABLE_MODULES = YES;
				CLANG_ENABLE_OBJC_ARC = YES;
				CLANG_WARN_BOOL_CONVERSION = YES;
				CLANG_WARN_CONSTANT_CONVERSION = YES;
				CLANG_WARN_DIRECT_OBJC_ISA_USAGE = YES_ERROR;
				CLANG_WARN_DOCUMENTATION_COMMENTS = YES;
				CLANG_WARN_EMPTY_BODY = YES;
				CLANG_WARN_ENUM_CONVERSION = YES;
				CLANG_WARN_INFINITE_RECURSION = YES;
				CLANG_WARN_INT_CONVERSION = YES;
				CLANG_WARN_OBJC_ROOT_CLASS = YES_ERROR;
				CLANG_WARN_SUSPICIOUS_MOVE = YES;
				CLANG_WARN_UNREACHABLE_CODE = YES;
				CLANG_WARN__DUPLICATE_METHOD_MATCH = YES;
				"CODE_SIGN_IDENTITY[sdk=iphoneos*]" = "iPhone Developer";
				COPY_PHASE_STRIP = NO;
				DEBUG_INFORMATION_FORMAT = "dwarf-with-dsym";
				ENABLE_NS_ASSERTIONS = NO;
				ENABLE_STRICT_OBJC_MSGSEND = YES;
				GCC_C_LANGUAGE_STANDARD = gnu99;
				GCC_NO_COMMON_BLOCKS = YES;
				GCC_WARN_64_TO_32_BIT_CONVERSION = YES;
				GCC_WARN_ABOUT_RETURN_TYPE = YES_ERROR;
				GCC_WARN_UNDECLARED_SELECTOR = YES;
				GCC_WARN_UNINITIALIZED_AUTOS = YES_AGGRESSIVE;
				GCC_WARN_UNUSED_FUNCTION = YES;
				GCC_WARN_UNUSED_VARIABLE = YES;
				IPHONEOS_DEPLOYMENT_TARGET = 10.3;
				MTL_ENABLE_DEBUG_INFO = NO;
				SDKROOT = iphoneos;
				SWIFT_OPTIMIZATION_LEVEL = "-Owholemodule";
				VALIDATE_PRODUCT = YES;
			};
			name = Release;
		};
		BFF4253C1F53DF01000737AB /* Debug */ = {
			isa = XCBuildConfiguration;
			buildSettings = {
				ASSETCATALOG_COMPILER_APPICON_NAME = AppIcon;
				INFOPLIST_FILE = PeticionOpenLibrary/Info.plist;
				LD_RUNPATH_SEARCH_PATHS = "$(inherited) @executable_path/Frameworks";
				PRODUCT_BUNDLE_IDENTIFIER = com.kubicsoft.PeticionOpenLibrary;
				PRODUCT_NAME = "$(TARGET_NAME)";
				SWIFT_VERSION = 3.0;
			};
			name = Debug;
		};
		BFF4253D1F53DF01000737AB /* Release */ = {
			isa = XCBuildConfiguration;
			buildSettings = {
				ASSETCATALOG_COMPILER_APPICON_NAME = AppIcon;
				INFOPLIST_FILE = PeticionOpenLibrary/Info.plist;
				LD_RUNPATH_SEARCH_PATHS = "$(inherited) @executable_path/Frameworks";
				PRODUCT_BUNDLE_IDENTIFIER = com.kubicsoft.PeticionOpenLibrary;
				PRODUCT_NAME = "$(TARGET_NAME)";
				SWIFT_VERSION = 3.0;
			};
			name = Release;
		};
/* End XCBuildConfiguration section */

/* Begin XCConfigurationList section */
		BFF425241F53DF00000737AB /* Build configuration list for PBXProject "PeticionOpenLibrary" */ = {
			isa = XCConfigurationList;
			buildConfigurations = (
				BFF425391F53DF01000737AB /* Debug */,
				BFF4253A1F53DF01000737AB /* Release */,
			);
			defaultConfigurationIsVisible = 0;
			defaultConfigurationName = Release;
		};
		BFF4253B1F53DF01000737AB /* Build configuration list for PBXNativeTarget "PeticionOpenLibrary" */ = {
			isa = XCConfigurationList;
			buildConfigurations = (
				BFF4253C1F53DF01000737AB /* Debug */,
				BFF4253D1F53DF01000737AB /* Release */,
			);
			defaultConfigurationIsVisible = 0;
			defaultConfigurationName = Release;
		};
/* End XCConfigurationList section */
	};
	rootObject = BFF425211F53DF00000737AB /* Project object */;
}
